Microsoft Visual Studio Solution File, Format Version 12.00
# Visual Studio Version 17
VisualStudioVersion = 17.5.2.0
MinimumVisualStudioVersion = 10.0.40219.1
Project("{FAE04EC0-301F-11D3-BF4B-00C04F79EFBC}") = "Practice.Benchmark", "Practice.Benchmark.csproj", "{304B55A8-DABE-2220-2786-D48A18B0ED30}"
EndProject
Global
	GlobalSection(SolutionConfigurationPlatforms) = preSolution
		Debug|Any CPU = Debug|Any CPU
		Release|Any CPU = Release|Any CPU
	EndGlobalSection
	GlobalSection(ProjectConfigurationPlatforms) = postSolution
		{304B55A8-DABE-2220-2786-D48A18B0ED30}.Debug|Any CPU.ActiveCfg = Debug|Any CPU
		{304B55A8-DABE-2220-2786-D48A18B0ED30}.Debug|Any CPU.Build.0 = Debug|Any CPU
		{304B55A8-DABE-2220-2786-D48A18B0ED30}.Release|Any CPU.ActiveCfg = Release|Any CPU
		{304B55A8-DABE-2220-2786-D48A18B0ED30}.Release|Any CPU.Build.0 = Release|Any CPU
	EndGlobalSection
	GlobalSection(SolutionProperties) = preSolution
		HideSolutionNode = FALSE
	EndGlobalSection
	GlobalSection(ExtensibilityGlobals) = postSolution
		SolutionGuid = {3102B429-B659-44E1-8F3F-D9DC470706B5}
	EndGlobalSection
EndGlobal
